
Microsoft Visual Studio Solution File, Format Version 12.00
# Visual Studio Version 17
VisualStudioVersion = 17.9.34723.18
MinimumVisualStudioVersion = 10.0.40219.1
Project("{8BC9CEB8-8B4A-11D0-8D11-00A0C91BC942}") = "Client", "MultiplayerGame\MultiplayerGame.vcxproj", "{32B68A60-FCE8-4D5B-A129-CA30170C2E62}"
EndProject
Project("{8BC9CEB8-8B4A-11D0-8D11-00A0C91BC942}") = "Server", "Server\Server.vcxproj", "{69CBF44B-C2FB-4634-976D-8C4F9E3354F1}"
EndProject
Project("{8BC9CEB8-8B4A-11D0-8D11-00A0C91BC942}") = "AnimatorApp", "AnimatorApp\AnimatorApp.vcxproj", "{982EFED3-9D79-4A74-8CFE-8AE20EF8058B}"
EndProject
Project("{8BC9CEB8-8B4A-11D0-8D11-00A0C91BC942}") = "MapEditorApp", "MapEditorApp\MapEditorApp.vcxproj", "{E5808302-5E32-4FE5-A213-A102B66EFD2F}"
EndProject
Global
	GlobalSection(SolutionConfigurationPlatforms) = preSolution
		Debug|x64 = Debug|x64
		Debug|x86 = Debug|x86
		Release|x64 = Release|x64
		Release|x86 = Release|x86
	EndGlobalSection
	GlobalSection(ProjectConfigurationPlatforms) = postSolution
		{32B68A60-FCE8-4D5B-A129-CA30170C2E62}.Debug|x64.ActiveCfg = Debug|x64
		{32B68A60-FCE8-4D5B-A129-CA30170C2E62}.Debug|x64.Build.0 = Debug|x64
		{32B68A60-FCE8-4D5B-A129-CA30170C2E62}.Debug|x86.ActiveCfg = Debug|Win32
		{32B68A60-FCE8-4D5B-A129-CA30170C2E62}.Debug|x86.Build.0 = Debug|Win32
		{32B68A60-FCE8-4D5B-A129-CA30170C2E62}.Release|x64.ActiveCfg = Release|x64
		{32B68A60-FCE8-4D5B-A129-CA30170C2E62}.Release|x64.Build.0 = Release|x64
		{32B68A60-FCE8-4D5B-A129-CA30170C2E62}.Release|x86.ActiveCfg = Release|Win32
		{32B68A60-FCE8-4D5B-A129-CA30170C2E62}.Release|x86.Build.0 = Release|Win32
		{69CBF44B-C2FB-4634-976D-8C4F9E3354F1}.Debug|x64.ActiveCfg = Debug|x64
		{69CBF44B-C2FB-4634-976D-8C4F9E3354F1}.Debug|x64.Build.0 = Debug|x64
		{69CBF44B-C2FB-4634-976D-8C4F9E3354F1}.Debug|x86.ActiveCfg = Debug|Win32
		{69CBF44B-C2FB-4634-976D-8C4F9E3354F1}.Debug|x86.Build.0 = Debug|Win32
		{69CBF44B-C2FB-4634-976D-8C4F9E3354F1}.Release|x64.ActiveCfg = Release|x64
		{69CBF44B-C2FB-4634-976D-8C4F9E3354F1}.Release|x64.Build.0 = Release|x64
		{69CBF44B-C2FB-4634-976D-8C4F9E3354F1}.Release|x86.ActiveCfg = Release|Win32
		{69CBF44B-C2FB-4634-976D-8C4F9E3354F1}.Release|x86.Build.0 = Release|Win32
		{982EFED3-9D79-4A74-8CFE-8AE20EF8058B}.Debug|x64.ActiveCfg = Debug|x64
		{982EFED3-9D79-4A74-8CFE-8AE20EF8058B}.Debug|x64.Build.0 = Debug|x64
		{982EFED3-9D79-4A74-8CFE-8AE20EF8058B}.Debug|x86.ActiveCfg = Debug|Win32
		{982EFED3-9D79-4A74-8CFE-8AE20EF8058B}.Debug|x86.Build.0 = Debug|Win32
		{982EFED3-9D79-4A74-8CFE-8AE20EF8058B}.Release|x64.ActiveCfg = Release|x64
		{982EFED3-9D79-4A74-8CFE-8AE20EF8058B}.Release|x64.Build.0 = Release|x64
		{982EFED3-9D79-4A74-8CFE-8AE20EF8058B}.Release|x86.ActiveCfg = Release|Win32
		{982EFED3-9D79-4A74-8CFE-8AE20EF8058B}.Release|x86.Build.0 = Release|Win32
		{E5808302-5E32-4FE5-A213-A102B66EFD2F}.Debug|x64.ActiveCfg = Debug|x64
		{E5808302-5E32-4FE5-A213-A102B66EFD2F}.Debug|x64.Build.0 = Debug|x64
		{E5808302-5E32-4FE5-A213-A102B66EFD2F}.Debug|x86.ActiveCfg = Debug|Win32
		{E5808302-5E32-4FE5-A213-A102B66EFD2F}.Debug|x86.Build.0 = Debug|Win32
		{E5808302-5E32-4FE5-A213-A102B66EFD2F}.Release|x64.ActiveCfg = Release|x64
		{E5808302-5E32-4FE5-A213-A102B66EFD2F}.Release|x64.Build.0 = Release|x64
		{E5808302-5E32-4FE5-A213-A102B66EFD2F}.Release|x86.ActiveCfg = Release|Win32
		{E5808302-5E32-4FE5-A213-A102B66EFD2F}.Release|x86.Build.0 = Release|Win32
	EndGlobalSection
	GlobalSection(SolutionProperties) = preSolution
		HideSolutionNode = FALSE
	EndGlobalSection
	GlobalSection(ExtensibilityGlobals) = postSolution
		SolutionGuid = {8CF44F82-BAEE-4166-8CE2-8546F98A5E76}
	EndGlobalSection
EndGlobal
